{
  "requires": true,
  "lockfileVersion": 1,
  "dependencies": {
    "js-audio-recorder": {
      "version": "1.0.2",
      "resolved": "https://registry.npmjs.org/js-audio-recorder/-/js-audio-recorder-1.0.2.tgz",
      "integrity": "sha512-mlqiUqQ7QA/pspn8txKA6bLxYz/h+NfXsRug6u2mjz7Q4XwCih4MRjdVu4x3iKvd4/FaawrItw0007x+htuSbQ=="
    }
  }
}
